{
  "version": 4,
  "terraform_version": "0.12.18",
  "serial": 10,
  "lineage": "626aaaef-e255-5815-3d90-1360e8bbc260",
  "outputs": {},
  "resources": [
    {
      "module": "module.instances",
      "mode": "data",
      "type": "aws_ami",
      "name": "ubuntu",
      "provider": "provider.aws",
      "instances": [
        {
          "schema_version": 0,
          "attributes": {
            "architecture": "x86_64",
            "block_device_mappings": [
              {
                "device_name": "/dev/sda1",
                "ebs": {
                  "delete_on_termination": "true",
                  "encrypted": "false",
                  "iops": "0",
                  "snapshot_id": "snap-01273c49033a52354",
                  "volume_size": "8",
                  "volume_type": "gp2"
                },
                "no_device": "",
                "virtual_name": ""
              },
              {
                "device_name": "/dev/sdb",
                "ebs": {},
                "no_device": "",
                "virtual_name": "ephemeral0"
              },
              {
                "device_name": "/dev/sdc",
                "ebs": {},
                "no_device": "",
                "virtual_name": "ephemeral1"
              }
            ],
            "creation_date": "2019-11-13T19:28:18.000Z",
            "description": "Canonical, Ubuntu, 18.04 LTS, amd64 bionic image build on 2019-11-13",
            "executable_users": null,
            "filter": [
              {
                "name": "name",
                "values": [
                  "ubuntu*18.04-amd64-server-*"
                ]
              },
              {
                "name": "root-device-type",
                "values": [
                  "ebs"
                ]
              },
              {
                "name": "virtualization-type",
                "values": [
                  "hvm"
                ]
              }
            ],
            "hypervisor": "xen",
            "id": "ami-059d836af932792c3",
            "image_id": "ami-059d836af932792c3",
            "image_location": "099720109477/ubuntu/images/hvm-ssd/ubuntu-bionic-18.04-amd64-server-20191113",
            "image_owner_alias": null,
            "image_type": "machine",
            "kernel_id": null,
            "most_recent": true,
            "name": "ubuntu/images/hvm-ssd/ubuntu-bionic-18.04-amd64-server-20191113",
            "name_regex": null,
            "owner_id": "099720109477",
            "owners": [
              "099720109477"
            ],
            "platform": null,
            "product_codes": [],
            "public": true,
            "ramdisk_id": null,
            "root_device_name": "/dev/sda1",
            "root_device_type": "ebs",
            "root_snapshot_id": "snap-01273c49033a52354",
            "sriov_net_support": "simple",
            "state": "available",
            "state_reason": {
              "code": "UNSET",
              "message": "UNSET"
            },
            "tags": {},
            "virtualization_type": "hvm"
          }
        }
      ]
    },
    {
      "module": "module.instances",
      "mode": "data",
      "type": "aws_availability_zones",
      "name": "available",
      "provider": "provider.aws",
      "instances": [
        {
          "schema_version": 0,
          "attributes": {
            "blacklisted_names": null,
            "blacklisted_zone_ids": null,
            "id": "2020-01-02 18:31:08.219507564 +0000 UTC",
            "names": [
              "us-east-2a",
              "us-east-2b",
              "us-east-2c"
            ],
            "state": "available",
            "zone_ids": [
              "use2-az1",
              "use2-az2",
              "use2-az3"
            ]
          }
        }
      ]
    },
    {
      "module": "module.instances",
      "mode": "managed",
      "type": "aws_instance",
      "name": "apps",
      "provider": "provider.aws",
      "instances": [
        {
          "schema_version": 1,
          "attributes": {
            "ami": "ami-059d836af932792c3",
            "arn": "arn:aws:ec2:us-east-2:798391536240:instance/i-0e104d149a31caeb8",
            "associate_public_ip_address": true,
            "availability_zone": "us-east-2a",
            "cpu_core_count": 1,
            "cpu_threads_per_core": 1,
            "credit_specification": [
              {
                "cpu_credits": "standard"
              }
            ],
            "disable_api_termination": false,
            "ebs_block_device": [],
            "ebs_optimized": false,
            "ephemeral_block_device": [],
            "get_password_data": false,
            "host_id": null,
            "iam_instance_profile": "",
            "id": "i-0e104d149a31caeb8",
            "instance_initiated_shutdown_behavior": null,
            "instance_state": "running",
            "instance_type": "t2.micro",
            "ipv6_address_count": 0,
            "ipv6_addresses": [],
            "key_name": "aws-teste",
            "monitoring": false,
            "network_interface": [],
            "network_interface_id": null,
            "password_data": "",
            "placement_group": "",
            "primary_network_interface_id": "eni-0df8606b255043d23",
            "private_dns": "ip-172-31-9-176.us-east-2.compute.internal",
            "private_ip": "172.31.9.176",
            "public_dns": "ec2-18-219-196-95.us-east-2.compute.amazonaws.com",
            "public_ip": "18.219.196.95",
            "root_block_device": [
              {
                "delete_on_termination": true,
                "encrypted": false,
                "iops": 100,
                "kms_key_id": "",
                "volume_id": "vol-0a97e9df733e40f72",
                "volume_size": 8,
                "volume_type": "gp2"
              }
            ],
            "security_groups": [
              "terraform_services"
            ],
            "source_dest_check": true,
            "subnet_id": "subnet-403cd12b",
            "tags": {
              "Name": "apps, python, test, docker, aws"
            },
            "tenancy": "default",
            "timeouts": null,
            "user_data": "4d49c77e3825efab52f635170d93cf5580dc25e9",
            "user_data_base64": null,
            "volume_tags": {},
            "vpc_security_group_ids": [
              "sg-0f8cfa9d1837646c3"
            ]
          },
          "private": "eyJlMmJmYjczMC1lY2FhLTExZTYtOGY4OC0zNDM2M2JjN2M0YzAiOnsiY3JlYXRlIjo2MDAwMDAwMDAwMDAsImRlbGV0ZSI6MTIwMDAwMDAwMDAwMCwidXBkYXRlIjo2MDAwMDAwMDAwMDB9LCJzY2hlbWFfdmVyc2lvbiI6IjEifQ==",
          "dependencies": [
            "module.instances.aws_key_pair.my_key",
            "module.instances.aws_security_group.services"
          ]
        }
      ]
    },
    {
      "module": "module.instances",
      "mode": "managed",
      "type": "aws_instance",
      "name": "loki",
      "provider": "provider.aws",
      "instances": [
        {
          "schema_version": 1,
          "attributes": {
            "ami": "ami-059d836af932792c3",
            "arn": "arn:aws:ec2:us-east-2:798391536240:instance/i-040176b29d4bc7e36",
            "associate_public_ip_address": true,
            "availability_zone": "us-east-2a",
            "cpu_core_count": 1,
            "cpu_threads_per_core": 1,
            "credit_specification": [
              {
                "cpu_credits": "standard"
              }
            ],
            "disable_api_termination": false,
            "ebs_block_device": [],
            "ebs_optimized": false,
            "ephemeral_block_device": [],
            "get_password_data": false,
            "host_id": null,
            "iam_instance_profile": "",
            "id": "i-040176b29d4bc7e36",
            "instance_initiated_shutdown_behavior": null,
            "instance_state": "running",
            "instance_type": "t2.micro",
            "ipv6_address_count": 0,
            "ipv6_addresses": [],
            "key_name": "aws-teste",
            "monitoring": false,
            "network_interface": [],
            "network_interface_id": null,
            "password_data": "",
            "placement_group": "",
            "primary_network_interface_id": "eni-0136021fa1ca3776e",
            "private_dns": "ip-172-31-3-123.us-east-2.compute.internal",
            "private_ip": "172.31.3.123",
            "public_dns": "ec2-18-191-189-9.us-east-2.compute.amazonaws.com",
            "public_ip": "18.191.189.9",
            "root_block_device": [
              {
                "delete_on_termination": true,
                "encrypted": false,
                "iops": 100,
                "kms_key_id": "",
                "volume_id": "vol-04d72edd1c911088a",
                "volume_size": 8,
                "volume_type": "gp2"
              }
            ],
            "security_groups": [
              "terraform_services"
            ],
            "source_dest_check": true,
            "subnet_id": "subnet-403cd12b",
            "tags": {
              "Name": "loki, grafana, terraform, test, docker, aws"
            },
            "tenancy": "default",
            "timeouts": null,
            "user_data": "b17821c33a745ca2a5951df605a791f5e07adaa4",
            "user_data_base64": null,
            "volume_tags": {},
            "vpc_security_group_ids": [
              "sg-0f8cfa9d1837646c3"
            ]
          },
          "private": "eyJlMmJmYjczMC1lY2FhLTExZTYtOGY4OC0zNDM2M2JjN2M0YzAiOnsiY3JlYXRlIjo2MDAwMDAwMDAwMDAsImRlbGV0ZSI6MTIwMDAwMDAwMDAwMCwidXBkYXRlIjo2MDAwMDAwMDAwMDB9LCJzY2hlbWFfdmVyc2lvbiI6IjEifQ==",
          "dependencies": [
            "module.instances.aws_key_pair.my_key",
            "module.instances.aws_security_group.services"
          ]
        }
      ]
    },
    {
      "module": "module.instances",
      "mode": "managed",
      "type": "aws_instance",
      "name": "monitoring",
      "provider": "provider.aws",
      "instances": [
        {
          "schema_version": 1,
          "attributes": {
            "ami": "ami-059d836af932792c3",
            "arn": "arn:aws:ec2:us-east-2:798391536240:instance/i-0640ff3f6336c1794",
            "associate_public_ip_address": true,
            "availability_zone": "us-east-2a",
            "cpu_core_count": 2,
            "cpu_threads_per_core": 1,
            "credit_specification": [
              {
                "cpu_credits": "standard"
              }
            ],
            "disable_api_termination": false,
            "ebs_block_device": [],
            "ebs_optimized": false,
            "ephemeral_block_device": [],
            "get_password_data": false,
            "host_id": null,
            "iam_instance_profile": "",
            "id": "i-0640ff3f6336c1794",
            "instance_initiated_shutdown_behavior": null,
            "instance_state": "running",
            "instance_type": "t2.medium",
            "ipv6_address_count": 0,
            "ipv6_addresses": [],
            "key_name": "aws-teste",
            "monitoring": false,
            "network_interface": [],
            "network_interface_id": null,
            "password_data": "",
            "placement_group": "",
            "primary_network_interface_id": "eni-0a9e3883ba97213d1",
            "private_dns": "ip-172-31-8-93.us-east-2.compute.internal",
            "private_ip": "172.31.8.93",
            "public_dns": "ec2-18-218-95-41.us-east-2.compute.amazonaws.com",
            "public_ip": "18.218.95.41",
            "root_block_device": [
              {
                "delete_on_termination": true,
                "encrypted": false,
                "iops": 100,
                "kms_key_id": "",
                "volume_id": "vol-091ff884a97cc9155",
                "volume_size": 8,
                "volume_type": "gp2"
              }
            ],
            "security_groups": [
              "terraform_services"
            ],
            "source_dest_check": true,
            "subnet_id": "subnet-403cd12b",
            "tags": {
              "Name": "zabbix, prometheus, terraform, test, docker, aws"
            },
            "tenancy": "default",
            "timeouts": null,
            "user_data": "30b0151785135f76f9792f459aab577f10aa9421",
            "user_data_base64": null,
            "volume_tags": {},
            "vpc_security_group_ids": [
              "sg-0f8cfa9d1837646c3"
            ]
          },
          "private": "eyJlMmJmYjczMC1lY2FhLTExZTYtOGY4OC0zNDM2M2JjN2M0YzAiOnsiY3JlYXRlIjo2MDAwMDAwMDAwMDAsImRlbGV0ZSI6MTIwMDAwMDAwMDAwMCwidXBkYXRlIjo2MDAwMDAwMDAwMDB9LCJzY2hlbWFfdmVyc2lvbiI6IjEifQ==",
          "dependencies": [
            "module.instances.aws_key_pair.my_key",
            "module.instances.aws_security_group.services"
          ]
        }
      ]
    },
    {
      "module": "module.instances",
      "mode": "managed",
      "type": "aws_instance",
      "name": "registry",
      "provider": "provider.aws",
      "instances": [
        {
          "schema_version": 1,
          "attributes": {
            "ami": "ami-059d836af932792c3",
            "arn": "arn:aws:ec2:us-east-2:798391536240:instance/i-04ee349723e6998c4",
            "associate_public_ip_address": true,
            "availability_zone": "us-east-2a",
            "cpu_core_count": 1,
            "cpu_threads_per_core": 1,
            "credit_specification": [
              {
                "cpu_credits": "standard"
              }
            ],
            "disable_api_termination": false,
            "ebs_block_device": [],
            "ebs_optimized": false,
            "ephemeral_block_device": [],
            "get_password_data": false,
            "host_id": null,
            "iam_instance_profile": "",
            "id": "i-04ee349723e6998c4",
            "instance_initiated_shutdown_behavior": null,
            "instance_state": "running",
            "instance_type": "t2.micro",
            "ipv6_address_count": 0,
            "ipv6_addresses": [],
            "key_name": "aws-teste",
            "monitoring": false,
            "network_interface": [],
            "network_interface_id": null,
            "password_data": "",
            "placement_group": "",
            "primary_network_interface_id": "eni-0bedd19269d607aa6",
            "private_dns": "ip-172-31-5-85.us-east-2.compute.internal",
            "private_ip": "172.31.5.85",
            "public_dns": "ec2-18-219-88-200.us-east-2.compute.amazonaws.com",
            "public_ip": "18.219.88.200",
            "root_block_device": [
              {
                "delete_on_termination": true,
                "encrypted": false,
                "iops": 100,
                "kms_key_id": "",
                "volume_id": "vol-0ae074985a3235088",
                "volume_size": 8,
                "volume_type": "gp2"
              }
            ],
            "security_groups": [
              "terraform_services"
            ],
            "source_dest_check": true,
            "subnet_id": "subnet-403cd12b",
            "tags": {
              "Name": "registry, terraform, test, docker, aws"
            },
            "tenancy": "default",
            "timeouts": null,
            "user_data": "9c7e2b605fea87f56a83ff0ecf6bf2ebfb7cfc83",
            "user_data_base64": null,
            "volume_tags": {},
            "vpc_security_group_ids": [
              "sg-0f8cfa9d1837646c3"
            ]
          },
          "private": "eyJlMmJmYjczMC1lY2FhLTExZTYtOGY4OC0zNDM2M2JjN2M0YzAiOnsiY3JlYXRlIjo2MDAwMDAwMDAwMDAsImRlbGV0ZSI6MTIwMDAwMDAwMDAwMCwidXBkYXRlIjo2MDAwMDAwMDAwMDB9LCJzY2hlbWFfdmVyc2lvbiI6IjEifQ==",
          "dependencies": [
            "module.instances.aws_key_pair.my_key",
            "module.instances.aws_security_group.services"
          ]
        }
      ]
    },
    {
      "module": "module.instances",
      "mode": "managed",
      "type": "aws_key_pair",
      "name": "my_key",
      "provider": "provider.aws",
      "instances": [
        {
          "schema_version": 1,
          "attributes": {
            "fingerprint": "4d:67:10:b3:43:93:ec:c0:f6:8b:0d:e2:48:66:63:2c",
            "id": "aws-teste",
            "key_name": "aws-teste",
            "key_name_prefix": null,
            "public_key": "ssh-rsa AAAAB3NzaC1yc2EAAAADAQABAAABAQCRJ54lUHJWXSPR2Zux4mre35u671aIG7cptTQQ5t2ERRrvYNfcH5FVUJr9Ki8TrbegOSlO3dckp9F5pUTuHY1rqEWzsfPw+p9dZJBzUHj4m3dWpbBBE7gC7Fq+KyJb8gWsk3Bxs5GCT7KM8+McdoU/dZ23t8INQ4F1Qa3Y7FjSJDZAUySOXKMV4lC9P2Tvss+TZQ+3R12Aq6JKrH6TSKuzGhq1vNLLHmBkzfldvwa14+khxzoFDjkuRDeZqaJtf+lWk32Ow8YqqSNy1h1QzJMpNBX1SiSDW/pNyDkB66g6lUGcT7AbTSCbdwnzYEfVTmE5Qv7txI0Wwtt51nWVVYDv"
          },
          "private": "eyJzY2hlbWFfdmVyc2lvbiI6IjEifQ=="
        }
      ]
    },
    {
      "module": "module.instances",
      "mode": "managed",
      "type": "aws_security_group",
      "name": "services",
      "provider": "provider.aws",
      "instances": [
        {
          "schema_version": 1,
          "attributes": {
            "arn": "arn:aws:ec2:us-east-2:798391536240:security-group/sg-0f8cfa9d1837646c3",
            "description": "AWS security group for terraform",
            "egress": [
              {
                "cidr_blocks": [
                  "0.0.0.0/0"
                ],
                "description": "",
                "from_port": 0,
                "ipv6_cidr_blocks": [],
                "prefix_list_ids": [],
                "protocol": "-1",
                "security_groups": [],
                "self": false,
                "to_port": 0
              }
            ],
            "id": "sg-0f8cfa9d1837646c3",
            "ingress": [
              {
                "cidr_blocks": [
                  "179.159.236.209/32"
                ],
                "description": "",
                "from_port": 10051,
                "ipv6_cidr_blocks": [],
                "prefix_list_ids": [],
                "protocol": "tcp",
                "security_groups": [],
                "self": false,
                "to_port": 10051
              },
              {
                "cidr_blocks": [
                  "179.159.236.209/32"
                ],
                "description": "",
                "from_port": 22,
                "ipv6_cidr_blocks": [],
                "prefix_list_ids": [],
                "protocol": "tcp",
                "security_groups": [],
                "self": false,
                "to_port": 22
              },
              {
                "cidr_blocks": [
                  "179.159.236.209/32"
                ],
                "description": "",
                "from_port": 3000,
                "ipv6_cidr_blocks": [],
                "prefix_list_ids": [],
                "protocol": "tcp",
                "security_groups": [],
                "self": false,
                "to_port": 3000
              },
              {
                "cidr_blocks": [
                  "179.159.236.209/32"
                ],
                "description": "",
                "from_port": 3100,
                "ipv6_cidr_blocks": [],
                "prefix_list_ids": [],
                "protocol": "tcp",
                "security_groups": [],
                "self": false,
                "to_port": 3100
              },
              {
                "cidr_blocks": [
                  "179.159.236.209/32"
                ],
                "description": "",
                "from_port": 5000,
                "ipv6_cidr_blocks": [],
                "prefix_list_ids": [],
                "protocol": "tcp",
                "security_groups": [],
                "self": false,
                "to_port": 5000
              },
              {
                "cidr_blocks": [
                  "179.159.236.209/32"
                ],
                "description": "",
                "from_port": 8001,
                "ipv6_cidr_blocks": [],
                "prefix_list_ids": [],
                "protocol": "tcp",
                "security_groups": [],
                "self": false,
                "to_port": 8002
              },
              {
                "cidr_blocks": [
                  "179.159.236.209/32"
                ],
                "description": "",
                "from_port": 80,
                "ipv6_cidr_blocks": [],
                "prefix_list_ids": [],
                "protocol": "tcp",
                "security_groups": [],
                "self": false,
                "to_port": 80
              },
              {
                "cidr_blocks": [
                  "179.159.236.209/32"
                ],
                "description": "",
                "from_port": 9090,
                "ipv6_cidr_blocks": [],
                "prefix_list_ids": [],
                "protocol": "tcp",
                "security_groups": [],
                "self": false,
                "to_port": 9090
              }
            ],
            "name": "terraform_services",
            "name_prefix": null,
            "owner_id": "798391536240",
            "revoke_rules_on_delete": false,
            "tags": {
              "Name": "registry, terraform, test, docker, aws, grafana, loki, zabbix, prometheus"
            },
            "timeouts": null,
            "vpc_id": "vpc-5fdb1e34"
          },
          "private": "eyJlMmJmYjczMC1lY2FhLTExZTYtOGY4OC0zNDM2M2JjN2M0YzAiOnsiY3JlYXRlIjo2MDAwMDAwMDAwMDAsImRlbGV0ZSI6NjAwMDAwMDAwMDAwfSwic2NoZW1hX3ZlcnNpb24iOiIxIn0="
        }
      ]
    },
    {
      "module": "module.instances",
      "mode": "managed",
      "type": "aws_volume_attachment",
      "name": "storage_loki",
      "provider": "provider.aws",
      "instances": [
        {
          "schema_version": 0,
          "attributes": {
            "device_name": "/dev/xvdf",
            "force_detach": true,
            "id": "vai-140964777",
            "instance_id": "i-040176b29d4bc7e36",
            "skip_destroy": null,
            "volume_id": "vol-0d4fa441c9aaa03e5"
          },
          "private": "bnVsbA==",
          "dependencies": [
            "module.instances.aws_instance.loki",
            "module.instances.aws_key_pair.my_key",
            "module.instances.aws_security_group.services"
          ]
        }
      ]
    },
    {
      "module": "module.instances",
      "mode": "managed",
      "type": "aws_volume_attachment",
      "name": "storage_monitoring",
      "provider": "provider.aws",
      "instances": [
        {
          "schema_version": 0,
          "attributes": {
            "device_name": "/dev/xvdf",
            "force_detach": true,
            "id": "vai-3281144544",
            "instance_id": "i-0640ff3f6336c1794",
            "skip_destroy": null,
            "volume_id": "vol-08d3cb4130438be8e"
          },
          "private": "bnVsbA==",
          "dependencies": [
            "module.instances.aws_instance.monitoring",
            "module.instances.aws_key_pair.my_key",
            "module.instances.aws_security_group.services"
          ]
        }
      ]
    },
    {
      "module": "module.instances",
      "mode": "managed",
      "type": "aws_volume_attachment",
      "name": "storage_registry",
      "provider": "provider.aws",
      "instances": [
        {
          "schema_version": 0,
          "attributes": {
            "device_name": "/dev/xvdf",
            "force_detach": true,
            "id": "vai-1901219825",
            "instance_id": "i-04ee349723e6998c4",
            "skip_destroy": null,
            "volume_id": "vol-05f3c466a6e57b4f5"
          },
          "private": "bnVsbA==",
          "dependencies": [
            "module.instances.aws_instance.registry",
            "module.instances.aws_key_pair.my_key",
            "module.instances.aws_security_group.services"
          ]
        }
      ]
    }
  ]
}
